
Microsoft Visual Studio Solution File, Format Version 12.00
# Visual Studio Version 17
VisualStudioVersion = 17.4.33110.190
MinimumVisualStudioVersion = 10.0.40219.1
Project("{9A19103F-16F7-4668-BE54-9A1E7A4F7556}") = "Section3", "Section3\Section3.csproj", "{21BD939E-629D-4B76-A245-BC93829CAC36}"
EndProject
Project("{9A19103F-16F7-4668-BE54-9A1E7A4F7556}") = "Section4", "Section4\Section4.csproj", "{00C78D85-9212-4BA5-83C9-5C1375BD65A0}"
EndProject
Project("{9A19103F-16F7-4668-BE54-9A1E7A4F7556}") = "Section5", "Section5\Section5.csproj", "{F154A6D2-5C38-495E-970B-23FE1E6C6DE3}"
EndProject
Project("{9A19103F-16F7-4668-BE54-9A1E7A4F7556}") = "Section6", "Section6\Section6.csproj", "{57193D86-FF1C-4B16-8366-7E179ADE2751}"
EndProject
Project("{FAE04EC0-301F-11D3-BF4B-00C04F79EFBC}") = "Section7", "Section7\Section7.csproj", "{9672A9A4-626A-4FCB-8576-7163B361E51A}"
EndProject
Global
	GlobalSection(SolutionConfigurationPlatforms) = preSolution
		Debug|Any CPU = Debug|Any CPU
		Release|Any CPU = Release|Any CPU
	EndGlobalSection
	GlobalSection(ProjectConfigurationPlatforms) = postSolution
		{21BD939E-629D-4B76-A245-BC93829CAC36}.Debug|Any CPU.ActiveCfg = Debug|Any CPU
		{21BD939E-629D-4B76-A245-BC93829CAC36}.Debug|Any CPU.Build.0 = Debug|Any CPU
		{21BD939E-629D-4B76-A245-BC93829CAC36}.Release|Any CPU.ActiveCfg = Release|Any CPU
		{21BD939E-629D-4B76-A245-BC93829CAC36}.Release|Any CPU.Build.0 = Release|Any CPU
		{00C78D85-9212-4BA5-83C9-5C1375BD65A0}.Debug|Any CPU.ActiveCfg = Debug|Any CPU
		{00C78D85-9212-4BA5-83C9-5C1375BD65A0}.Debug|Any CPU.Build.0 = Debug|Any CPU
		{00C78D85-9212-4BA5-83C9-5C1375BD65A0}.Release|Any CPU.ActiveCfg = Release|Any CPU
		{00C78D85-9212-4BA5-83C9-5C1375BD65A0}.Release|Any CPU.Build.0 = Release|Any CPU
		{F154A6D2-5C38-495E-970B-23FE1E6C6DE3}.Debug|Any CPU.ActiveCfg = Debug|Any CPU
		{F154A6D2-5C38-495E-970B-23FE1E6C6DE3}.Debug|Any CPU.Build.0 = Debug|Any CPU
		{F154A6D2-5C38-495E-970B-23FE1E6C6DE3}.Release|Any CPU.ActiveCfg = Release|Any CPU
		{F154A6D2-5C38-495E-970B-23FE1E6C6DE3}.Release|Any CPU.Build.0 = Release|Any CPU
		{57193D86-FF1C-4B16-8366-7E179ADE2751}.Debug|Any CPU.ActiveCfg = Debug|Any CPU
		{57193D86-FF1C-4B16-8366-7E179ADE2751}.Debug|Any CPU.Build.0 = Debug|Any CPU
		{57193D86-FF1C-4B16-8366-7E179ADE2751}.Release|Any CPU.ActiveCfg = Release|Any CPU
		{57193D86-FF1C-4B16-8366-7E179ADE2751}.Release|Any CPU.Build.0 = Release|Any CPU
		{9672A9A4-626A-4FCB-8576-7163B361E51A}.Debug|Any CPU.ActiveCfg = Debug|Any CPU
		{9672A9A4-626A-4FCB-8576-7163B361E51A}.Debug|Any CPU.Build.0 = Debug|Any CPU
		{9672A9A4-626A-4FCB-8576-7163B361E51A}.Release|Any CPU.ActiveCfg = Release|Any CPU
		{9672A9A4-626A-4FCB-8576-7163B361E51A}.Release|Any CPU.Build.0 = Release|Any CPU
	EndGlobalSection
	GlobalSection(SolutionProperties) = preSolution
		HideSolutionNode = FALSE
	EndGlobalSection
	GlobalSection(ExtensibilityGlobals) = postSolution
		SolutionGuid = {412E725E-1815-4504-8B9A-C971FD7D5AA9}
	EndGlobalSection
EndGlobal
